
Microsoft Visual Studio Solution File, Format Version 12.00
# Visual Studio Version 17
VisualStudioVersion = 17.0.32126.317
MinimumVisualStudioVersion = 10.0.40219.1
Project("{FAE04EC0-301F-11D3-BF4B-00C04F79EFBC}") = "VowelsCount", "VowelsCount\VowelsCount.csproj", "{4CF56302-F932-47C9-96D2-B958B7F76963}"
EndProject
Global
	GlobalSection(SolutionConfigurationPlatforms) = preSolution
		Debug|Any CPU = Debug|Any CPU
		Release|Any CPU = Release|Any CPU
	EndGlobalSection
	GlobalSection(ProjectConfigurationPlatforms) = postSolution
		{4CF56302-F932-47C9-96D2-B958B7F76963}.Debug|Any CPU.ActiveCfg = Debug|Any CPU
		{4CF56302-F932-47C9-96D2-B958B7F76963}.Debug|Any CPU.Build.0 = Debug|Any CPU
		{4CF56302-F932-47C9-96D2-B958B7F76963}.Release|Any CPU.ActiveCfg = Release|Any CPU
		{4CF56302-F932-47C9-96D2-B958B7F76963}.Release|Any CPU.Build.0 = Release|Any CPU
	EndGlobalSection
	GlobalSection(SolutionProperties) = preSolution
		HideSolutionNode = FALSE
	EndGlobalSection
	GlobalSection(ExtensibilityGlobals) = postSolution
		SolutionGuid = {325907B9-69F8-4FA3-9CA6-8BE2777EB4AF}
	EndGlobalSection
EndGlobal
